
Microsoft Visual Studio Solution File, Format Version 12.00
# Visual Studio 15
VisualStudioVersion = 15.0.27004.2005
MinimumVisualStudioVersion = 10.0.40219.1
Project("{FAE04EC0-301F-11D3-BF4B-00C04F79EFBC}") = "Calculator.Tests", "Calculator.Test\Calculator.Tests.csproj", "{C1B8C543-8745-4ADE-93F0-5264A1EA2FC3}"
EndProject
Project("{2150E333-8FDC-42A3-9474-1A3956D46DE8}") = "Solution Items", "Solution Items", "{145F1E82-8071-4711-BB0C-216E86A9CABF}"
	ProjectSection(SolutionItems) = preProject
		.gitignore = .gitignore
	EndProjectSection
EndProject
Project("{FAE04EC0-301F-11D3-BF4B-00C04F79EFBC}") = "Calculator", "Calculator\Calculator.csproj", "{E996D705-88B8-42B7-80D1-22A4EF36C0A6}"
EndProject
Project("{FAE04EC0-301F-11D3-BF4B-00C04F79EFBC}") = "AssemblyDemo", "AssemblyDemo\AssemblyDemo.csproj", "{A57EE38E-D224-4F07-B807-640ADF74C8DB}"
EndProject
Project("{FAE04EC0-301F-11D3-BF4B-00C04F79EFBC}") = "AssemblyAttrDemo", "AssemblyAttrDemo\AssemblyAttrDemo.csproj", "{8B91A74F-8891-4DA6-916E-27C86531E246}"
EndProject
Project("{FAE04EC0-301F-11D3-BF4B-00C04F79EFBC}") = "AssemblyDumpInfoDemo", "AssemblyDumpInfoDemo\AssemblyDumpInfoDemo.csproj", "{05CB5B55-B633-4E0B-8B58-8C8672FE04DA}"
EndProject
Project("{FAE04EC0-301F-11D3-BF4B-00C04F79EFBC}") = "DynamicCodeDemo", "DynamicCodeDemo\DynamicCodeDemo.csproj", "{2707F3B8-F779-4D74-AFA8-FB8BFB47EBDF}"
EndProject
Project("{FAE04EC0-301F-11D3-BF4B-00C04F79EFBC}") = "DemoDynamic", "DemoDynamic\DemoDynamic.csproj", "{98D5A142-88C0-4543-9C11-92F325DF6729}"
EndProject
Project("{FAE04EC0-301F-11D3-BF4B-00C04F79EFBC}") = "CreateCustomEventLog", "CreateCustomEventLog\CreateCustomEventLog.csproj", "{02E9EEC4-3E8C-4283-A1A9-DDF72B28CF40}"
EndProject
Project("{FAE04EC0-301F-11D3-BF4B-00C04F79EFBC}") = "CreateAndUseApplicationEventLog", "CreateAndUseApplicationEventLog\CreateAndUseApplicationEventLog.csproj", "{3E12830F-1D9D-4931-9465-DD43BCF0E09A}"
EndProject
Global
	GlobalSection(SolutionConfigurationPlatforms) = preSolution
		Debug|Any CPU = Debug|Any CPU
		Release|Any CPU = Release|Any CPU
	EndGlobalSection
	GlobalSection(ProjectConfigurationPlatforms) = postSolution
		{C1B8C543-8745-4ADE-93F0-5264A1EA2FC3}.Debug|Any CPU.ActiveCfg = Debug|Any CPU
		{C1B8C543-8745-4ADE-93F0-5264A1EA2FC3}.Debug|Any CPU.Build.0 = Debug|Any CPU
		{C1B8C543-8745-4ADE-93F0-5264A1EA2FC3}.Release|Any CPU.ActiveCfg = Release|Any CPU
		{C1B8C543-8745-4ADE-93F0-5264A1EA2FC3}.Release|Any CPU.Build.0 = Release|Any CPU
		{E996D705-88B8-42B7-80D1-22A4EF36C0A6}.Debug|Any CPU.ActiveCfg = Debug|Any CPU
		{E996D705-88B8-42B7-80D1-22A4EF36C0A6}.Debug|Any CPU.Build.0 = Debug|Any CPU
		{E996D705-88B8-42B7-80D1-22A4EF36C0A6}.Release|Any CPU.ActiveCfg = Release|Any CPU
		{E996D705-88B8-42B7-80D1-22A4EF36C0A6}.Release|Any CPU.Build.0 = Release|Any CPU
		{A57EE38E-D224-4F07-B807-640ADF74C8DB}.Debug|Any CPU.ActiveCfg = Debug|Any CPU
		{A57EE38E-D224-4F07-B807-640ADF74C8DB}.Debug|Any CPU.Build.0 = Debug|Any CPU
		{A57EE38E-D224-4F07-B807-640ADF74C8DB}.Release|Any CPU.ActiveCfg = Release|Any CPU
		{A57EE38E-D224-4F07-B807-640ADF74C8DB}.Release|Any CPU.Build.0 = Release|Any CPU
		{8B91A74F-8891-4DA6-916E-27C86531E246}.Debug|Any CPU.ActiveCfg = Debug|Any CPU
		{8B91A74F-8891-4DA6-916E-27C86531E246}.Debug|Any CPU.Build.0 = Debug|Any CPU
		{8B91A74F-8891-4DA6-916E-27C86531E246}.Release|Any CPU.ActiveCfg = Release|Any CPU
		{8B91A74F-8891-4DA6-916E-27C86531E246}.Release|Any CPU.Build.0 = Release|Any CPU
		{05CB5B55-B633-4E0B-8B58-8C8672FE04DA}.Debug|Any CPU.ActiveCfg = Debug|Any CPU
		{05CB5B55-B633-4E0B-8B58-8C8672FE04DA}.Debug|Any CPU.Build.0 = Debug|Any CPU
		{05CB5B55-B633-4E0B-8B58-8C8672FE04DA}.Release|Any CPU.ActiveCfg = Release|Any CPU
		{05CB5B55-B633-4E0B-8B58-8C8672FE04DA}.Release|Any CPU.Build.0 = Release|Any CPU
		{2707F3B8-F779-4D74-AFA8-FB8BFB47EBDF}.Debug|Any CPU.ActiveCfg = Debug|Any CPU
		{2707F3B8-F779-4D74-AFA8-FB8BFB47EBDF}.Debug|Any CPU.Build.0 = Debug|Any CPU
		{2707F3B8-F779-4D74-AFA8-FB8BFB47EBDF}.Release|Any CPU.ActiveCfg = Release|Any CPU
		{2707F3B8-F779-4D74-AFA8-FB8BFB47EBDF}.Release|Any CPU.Build.0 = Release|Any CPU
		{98D5A142-88C0-4543-9C11-92F325DF6729}.Debug|Any CPU.ActiveCfg = Debug|Any CPU
		{98D5A142-88C0-4543-9C11-92F325DF6729}.Debug|Any CPU.Build.0 = Debug|Any CPU
		{98D5A142-88C0-4543-9C11-92F325DF6729}.Release|Any CPU.ActiveCfg = Release|Any CPU
		{98D5A142-88C0-4543-9C11-92F325DF6729}.Release|Any CPU.Build.0 = Release|Any CPU
		{02E9EEC4-3E8C-4283-A1A9-DDF72B28CF40}.Debug|Any CPU.ActiveCfg = Debug|Any CPU
		{02E9EEC4-3E8C-4283-A1A9-DDF72B28CF40}.Debug|Any CPU.Build.0 = Debug|Any CPU
		{02E9EEC4-3E8C-4283-A1A9-DDF72B28CF40}.Release|Any CPU.ActiveCfg = Release|Any CPU
		{02E9EEC4-3E8C-4283-A1A9-DDF72B28CF40}.Release|Any CPU.Build.0 = Release|Any CPU
		{3E12830F-1D9D-4931-9465-DD43BCF0E09A}.Debug|Any CPU.ActiveCfg = Debug|Any CPU
		{3E12830F-1D9D-4931-9465-DD43BCF0E09A}.Debug|Any CPU.Build.0 = Debug|Any CPU
		{3E12830F-1D9D-4931-9465-DD43BCF0E09A}.Release|Any CPU.ActiveCfg = Release|Any CPU
		{3E12830F-1D9D-4931-9465-DD43BCF0E09A}.Release|Any CPU.Build.0 = Release|Any CPU
	EndGlobalSection
	GlobalSection(SolutionProperties) = preSolution
		HideSolutionNode = FALSE
	EndGlobalSection
	GlobalSection(ExtensibilityGlobals) = postSolution
		SolutionGuid = {1D502EDA-570C-4DBD-9532-FA5F59BBE850}
	EndGlobalSection
EndGlobal
